
Microsoft Visual Studio Solution File, Format Version 12.00
# Visual Studio Version 17
VisualStudioVersion = 17.5.33516.290
MinimumVisualStudioVersion = 10.0.40219.1
Project("{2150E333-8FDC-42A3-9474-1A3956D46DE8}") = "FrontEnd", "FrontEnd", "{B87D8F39-B815-4457-821F-2438F073E0FC}"
EndProject
Project("{9A19103F-16F7-4668-BE54-9A1E7A4F7556}") = "Mango.Web.App", "Mango.Web.App\Mango.Web.App.csproj", "{07929BD6-ACAA-4A7E-8DC5-BD99F2317E81}"
EndProject
Project("{2150E333-8FDC-42A3-9474-1A3956D46DE8}") = "Services", "Services", "{49D411FC-1B5E-4C8E-B704-CF3D495EA675}"
EndProject
Project("{9A19103F-16F7-4668-BE54-9A1E7A4F7556}") = "Mango.Product.Web.Api", "Mango.Product.Web.Api\Mango.Product.Web.Api.csproj", "{71C08D44-5AE4-412B-A24E-6730F206F706}"
EndProject
Project("{9A19103F-16F7-4668-BE54-9A1E7A4F7556}") = "Mango.Service.Identity", "Mango.Service.Identity\Mango.Service.Identity.csproj", "{0DCAE52E-842D-4E5E-9479-3CCCC8111749}"
EndProject
Project("{FAE04EC0-301F-11D3-BF4B-00C04F79EFBC}") = "Mango.ShoppingCart.Web.Api", "Mango.ShppingCart.Web.Api\Mango.ShoppingCart.Web.Api.csproj", "{C65845BD-7DEB-4AA6-B47A-E5A5E79FA28B}"
EndProject
Global
	GlobalSection(SolutionConfigurationPlatforms) = preSolution
		Debug|Any CPU = Debug|Any CPU
		Release|Any CPU = Release|Any CPU
	EndGlobalSection
	GlobalSection(ProjectConfigurationPlatforms) = postSolution
		{07929BD6-ACAA-4A7E-8DC5-BD99F2317E81}.Debug|Any CPU.ActiveCfg = Debug|Any CPU
		{07929BD6-ACAA-4A7E-8DC5-BD99F2317E81}.Debug|Any CPU.Build.0 = Debug|Any CPU
		{07929BD6-ACAA-4A7E-8DC5-BD99F2317E81}.Release|Any CPU.ActiveCfg = Release|Any CPU
		{07929BD6-ACAA-4A7E-8DC5-BD99F2317E81}.Release|Any CPU.Build.0 = Release|Any CPU
		{71C08D44-5AE4-412B-A24E-6730F206F706}.Debug|Any CPU.ActiveCfg = Debug|Any CPU
		{71C08D44-5AE4-412B-A24E-6730F206F706}.Debug|Any CPU.Build.0 = Debug|Any CPU
		{71C08D44-5AE4-412B-A24E-6730F206F706}.Release|Any CPU.ActiveCfg = Release|Any CPU
		{71C08D44-5AE4-412B-A24E-6730F206F706}.Release|Any CPU.Build.0 = Release|Any CPU
		{0DCAE52E-842D-4E5E-9479-3CCCC8111749}.Debug|Any CPU.ActiveCfg = Debug|Any CPU
		{0DCAE52E-842D-4E5E-9479-3CCCC8111749}.Debug|Any CPU.Build.0 = Debug|Any CPU
		{0DCAE52E-842D-4E5E-9479-3CCCC8111749}.Release|Any CPU.ActiveCfg = Release|Any CPU
		{0DCAE52E-842D-4E5E-9479-3CCCC8111749}.Release|Any CPU.Build.0 = Release|Any CPU
		{C65845BD-7DEB-4AA6-B47A-E5A5E79FA28B}.Debug|Any CPU.ActiveCfg = Debug|Any CPU
		{C65845BD-7DEB-4AA6-B47A-E5A5E79FA28B}.Debug|Any CPU.Build.0 = Debug|Any CPU
		{C65845BD-7DEB-4AA6-B47A-E5A5E79FA28B}.Release|Any CPU.ActiveCfg = Release|Any CPU
		{C65845BD-7DEB-4AA6-B47A-E5A5E79FA28B}.Release|Any CPU.Build.0 = Release|Any CPU
	EndGlobalSection
	GlobalSection(SolutionProperties) = preSolution
		HideSolutionNode = FALSE
	EndGlobalSection
	GlobalSection(NestedProjects) = preSolution
		{07929BD6-ACAA-4A7E-8DC5-BD99F2317E81} = {B87D8F39-B815-4457-821F-2438F073E0FC}
		{71C08D44-5AE4-412B-A24E-6730F206F706} = {49D411FC-1B5E-4C8E-B704-CF3D495EA675}
		{0DCAE52E-842D-4E5E-9479-3CCCC8111749} = {49D411FC-1B5E-4C8E-B704-CF3D495EA675}
		{C65845BD-7DEB-4AA6-B47A-E5A5E79FA28B} = {49D411FC-1B5E-4C8E-B704-CF3D495EA675}
	EndGlobalSection
	GlobalSection(ExtensibilityGlobals) = postSolution
		SolutionGuid = {A6F5EB27-D533-4CDE-8F2F-85A8BA699055}
	EndGlobalSection
EndGlobal
